// !$*UTF8*$!
{
	archiveVersion = 1;
	classes = {
	};
	objectVersion = 46;
	objects = {

/* Begin PBXBuildFile section */
		02D596151EAF287F0017F179 /* AppDelegate.swift in Sources */ = {isa = PBXBuildFile; fileRef = 02D596141EAF287F0017F179 /* AppDelegate.swift */; };
		02D596171EAF287F0017F179 /* ViewController.swift in Sources */ = {isa = PBXBuildFile; fileRef = 02D596161EAF287F0017F179 /* ViewController.swift */; };
		02D5961A1EAF287F0017F179 /* Main.storyboard in Resources */ = {isa = PBXBuildFile; fileRef = 02D596181EAF287F0017F179 /* Main.storyboard */; };
		02D5961C1EAF287F0017F179 /* Assets.xcassets in Resources */ = {isa = PBXBuildFile; fileRef = 02D5961B1EAF287F0017F179 /* Assets.xcassets */; };
		02D5961F1EAF287F0017F179 /* LaunchScreen.storyboard in Resources */ = {isa = PBXBuildFile; fileRef = 02D5961D1EAF287F0017F179 /* LaunchScreen.storyboard */; };
/* End PBXBuildFile section */

/* Begin PBXFileReference section */
		02D596111EAF287E0017F179 /* miraclePill.app */ = {isa = PBXFileReference; explicitFileType = wrapper.application; includeInIndex = 0; path = miraclePill.app; sourceTree = BUILT_PRODUCTS_DIR; };
		02D596141EAF287F0017F179 /* AppDelegate.swift */ = {isa = PBXFileReference; lastKnownFileType = sourcecode.swift; path = AppDelegate.swift; sourceTree = "<group>"; };
		02D596161EAF287F0017F179 /* ViewController.swift */ = {isa = PBXFileReference; lastKnownFileType = sourcecode.swift; path = ViewController.swift; sourceTree = "<group>"; };
		02D596191EAF287F0017F179 /* Base */ = {isa = PBXFileReference; lastKnownFileType = file.storyboard; name = Base; path = Base.lproj/Main.storyboard; sourceTree = "<group>"; };
		02D5961B1EAF287F0017F179 /* Assets.xcassets */ = {isa = PBXFileReference; lastKnownFileType = folder.assetcatalog; path = Assets.xcassets; sourceTree = "<group>"; };
		02D5961E1EAF287F0017F179 /* Base */ = {isa = PBXFileReference; lastKnownFileType = file.storyboard; name = Base; path = Base.lproj/LaunchScreen.storyboard; sourceTree = "<group>"; };
		02D596201EAF287F0017F179 /* Info.plist */ = {isa = PBXFileReference; lastKnownFileType = text.plist.xml; path = Info.plist; sourceTree = "<group>"; };
/* End PBXFileReference section */

/* Begin PBXFrameworksBuildPhase section */
		02D5960E1EAF287E0017F179 /* Frameworks */ = {
			isa = PBXFrameworksBuildPhase;
			buildActionMask = 2147483647;
			files = (
			);
			runOnlyForDeploymentPostprocessing = 0;
		};
/* End PBXFrameworksBuildPhase section */

/* Begin PBXGroup section */
		02D596081EAF287E0017F179 = {
			isa = PBXGroup;
			children = (
				02D596131EAF287E0017F179 /* miraclePill */,
				02D596121EAF287E0017F179 /* Products */,
			);
			sourceTree = "<group>";
		};
		02D596121EAF287E0017F179 /* Products */ = {
			isa = PBXGroup;
			children = (
				02D596111EAF287E0017F179 /* miraclePill.app */,
			);
			name = Products;
			sourceTree = "<group>";
		};
		02D596131EAF287E0017F179 /* miraclePill */ = {
			isa = PBXGroup;
			children = (
				02D596141EAF287F0017F179 /* AppDelegate.swift */,
				02D596161EAF287F0017F179 /* ViewController.swift */,
				02D596181EAF287F0017F179 /* Main.storyboard */,
				02D5961B1EAF287F0017F179 /* Assets.xcassets */,
				02D5961D1EAF287F0017F179 /* LaunchScreen.storyboard */,
				02D596201EAF287F0017F179 /* Info.plist */,
			);
			path = miraclePill;
			sourceTree = "<group>";
		};
/* End PBXGroup section */

/* Begin PBXNativeTarget section */
		02D596101EAF287E0017F179 /* miraclePill */ = {
			isa = PBXNativeTarget;
			buildConfigurationList = 02D596231EAF287F0017F179 /* Build configuration list for PBXNativeTarget "miraclePill" */;
			buildPhases = (
				02D5960D1EAF287E0017F179 /* Sources */,
				02D5960E1EAF287E0017F179 /* Frameworks */,
				02D5960F1EAF287E0017F179 /* Resources */,
			);
			buildRules = (
			);
			dependencies = (
			);
			name = miraclePill;
			productName = miraclePill;
			productReference = 02D596111EAF287E0017F179 /* miraclePill.app */;
			productType = "com.apple.product-type.application";
		};
/* End PBXNativeTarget section */

/* Begin PBXProject section */
		02D596091EAF287E0017F179 /* Project object */ = {
			isa = PBXProject;
			attributes = {
				LastSwiftUpdateCheck = 0830;
				LastUpgradeCheck = 0830;
				ORGANIZATIONNAME = Vaiciulis;
				TargetAttributes = {
					02D596101EAF287E0017F179 = {
						CreatedOnToolsVersion = 8.3.2;
						ProvisioningStyle = Automatic;
					};
				};
			};
			buildConfigurationList = 02D5960C1EAF287E0017F179 /* Build configuration list for PBXProject "miraclePill" */;
			compatibilityVersion = "Xcode 3.2";
			developmentRegion = English;
			hasScannedForEncodings = 0;
			knownRegions = (
				en,
				Base,
			);
			mainGroup = 02D596081EAF287E0017F179;
			productRefGroup = 02D596121EAF287E0017F179 /* Products */;
			projectDirPath = "";
			projectRoot = "";
			targets = (
				02D596101EAF287E0017F179 /* miraclePill */,
			);
		};
/* End PBXProject section */

/* Begin PBXResourcesBuildPhase section */
		02D5960F1EAF287E0017F179 /* Resources */ = {
			isa = PBXResourcesBuildPhase;
			buildActionMask = 2147483647;
			files = (
				02D5961F1EAF287F0017F179 /* LaunchScreen.storyboard in Resources */,
				02D5961C1EAF287F0017F179 /* Assets.xcassets in Resources */,
				02D5961A1EAF287F0017F179 /* Main.storyboard in Resources */,
			);
			runOnlyForDeploymentPostprocessing = 0;
		};
/* End PBXResourcesBuildPhase section */

/* Begin PBXSourcesBuildPhase section */
		02D5960D1EAF287E0017F179 /* Sources */ = {
			isa = PBXSourcesBuildPhase;
			buildActionMask = 2147483647;
			files = (
				02D596171EAF287F0017F179 /* ViewController.swift in Sources */,
				02D596151EAF287F0017F179 /* AppDelegate.swift in Sources */,
			);
			runOnlyForDeploymentPostprocessing = 0;
		};
/* End PBXSourcesBuildPhase section */

/* Begin PBXVariantGroup section */
		02D596181EAF287F0017F179 /* Main.storyboard */ = {
			isa = PBXVariantGroup;
			children = (
				02D596191EAF287F0017F179 /* Base */,
			);
			name = Main.storyboard;
			sourceTree = "<group>";
		};
		02D5961D1EAF287F0017F179 /* LaunchScreen.storyboard */ = {
			isa = PBXVariantGroup;
			children = (
				02D5961E1EAF287F0017F179 /* Base */,
			);
			name = LaunchScreen.storyboard;
			sourceTree = "<group>";
		};
/* End PBXVariantGroup section */

/* Begin XCBuildConfiguration section */
		02D596211EAF287F0017F179 /* Debug */ = {
			isa = XCBuildConfiguration;
			buildSettings = {
				ALWAYS_SEARCH_USER_PATHS = NO;
				CLANG_ANALYZER_NONNULL = YES;
				CLANG_ANALYZER_NUMBER_OBJECT_CONVERSION = YES_AGGRESSIVE;
				CLANG_CXX_LANGUAGE_STANDARD = "gnu++0x";
				CLANG_CXX_LIBRARY = "libc++";
				CLANG_ENABLE_MODULES = YES;
				CLANG_ENABLE_OBJC_ARC = YES;
				CLANG_WARN_BOOL_CONVERSION = YES;
				CLANG_WARN_CONSTANT_CONVERSION = YES;
				CLANG_WARN_DIRECT_OBJC_ISA_USAGE = YES_ERROR;
				CLANG_WARN_DOCUMENTATION_COMMENTS = YES;
				CLANG_WARN_EMPTY_BODY = YES;
				CLANG_WARN_ENUM_CONVERSION = YES;
				CLANG_WARN_INFINITE_RECURSION = YES;
				CLANG_WARN_INT_CONVERSION = YES;
				CLANG_WARN_OBJC_ROOT_CLASS = YES_ERROR;
				CLANG_WARN_SUSPICIOUS_MOVE = YES;
				CLANG_WARN_UNREACHABLE_CODE = YES;
				CLANG_WARN__DUPLICATE_METHOD_MATCH = YES;
				"CODE_SIGN_IDENTITY[sdk=iphoneos*]" = "iPhone Developer";
				COPY_PHASE_STRIP = NO;
				DEBUG_INFORMATION_FORMAT = dwarf;
				ENABLE_STRICT_OBJC_MSGSEND = YES;
				ENABLE_TESTABILITY = YES;
				GCC_C_LANGUAGE_STANDARD = gnu99;
				GCC_DYNAMIC_NO_PIC = NO;
				GCC_NO_COMMON_BLOCKS = YES;
				GCC_OPTIMIZATION_LEVEL = 0;
				GCC_PREPROCESSOR_DEFINITIONS = (
					"DEBUG=1",
					"$(inherited)",
				);
				GCC_WARN_64_TO_32_BIT_CONVERSION = YES;
				GCC_WARN_ABOUT_RETURN_TYPE = YES_ERROR;
				GCC_WARN_UNDECLARED_SELECTOR = YES;
				GCC_WARN_UNINITIALIZED_AUTOS = YES_AGGRESSIVE;
				GCC_WARN_UNUSED_FUNCTION = YES;
				GCC_WARN_UNUSED_VARIABLE = YES;
				IPHONEOS_DEPLOYMENT_TARGET = 10.3;
				MTL_ENABLE_DEBUG_INFO = YES;
				ONLY_ACTIVE_ARCH = YES;
				SDKROOT = iphoneos;
				SWIFT_ACTIVE_COMPILATION_CONDITIONS = DEBUG;
				SWIFT_OPTIMIZATION_LEVEL = "-Onone";
				TARGETED_DEVICE_FAMILY = "1,2";
			};
			name = Debug;
		};
		02D596221EAF287F0017F179 /* Release */ = {
			isa = XCBuildConfiguration;
			buildSettings = {
				ALWAYS_SEARCH_USER_PATHS = NO;
				CLANG_ANALYZER_NONNULL = YES;
				CLANG_ANALYZER_NUMBER_OBJECT_CONVERSION = YES_AGGRESSIVE;
				CLANG_CXX_LANGUAGE_STANDARD = "gnu++0x";
				CLANG_CXX_LIBRARY = "libc++";
				CLANG_ENABLE_MODULES = YES;
				CLANG_ENABLE_OBJC_ARC = YES;
				CLANG_WARN_BOOL_CONVERSION = YES;
				CLANG_WARN_CONSTANT_CONVERSION = YES;
				CLANG_WARN_DIRECT_OBJC_ISA_USAGE = YES_ERROR;
				CLANG_WARN_DOCUMENTATION_COMMENTS = YES;
				CLANG_WARN_EMPTY_BODY = YES;
				CLANG_WARN_ENUM_CONVERSION = YES;
				CLANG_WARN_INFINITE_RECURSION = YES;
				CLANG_WARN_INT_CONVERSION = YES;
				CLANG_WARN_OBJC_ROOT_CLASS = YES_ERROR;
				CLANG_WARN_SUSPICIOUS_MOVE = YES;
				CLANG_WARN_UNREACHABLE_CODE = YES;
				CLANG_WARN__DUPLICATE_METHOD_MATCH = YES;
				"CODE_SIGN_IDENTITY[sdk=iphoneos*]" = "iPhone Developer";
				COPY_PHASE_STRIP = NO;
				DEBUG_INFORMATION_FORMAT = "dwarf-with-dsym";
				ENABLE_NS_ASSERTIONS = NO;
				ENABLE_STRICT_OBJC_MSGSEND = YES;
				GCC_C_LANGUAGE_STANDARD = gnu99;
				GCC_NO_COMMON_BLOCKS = YES;
				GCC_WARN_64_TO_32_BIT_CONVERSION = YES;
				GCC_WARN_ABOUT_RETURN_TYPE = YES_ERROR;
				GCC_WARN_UNDECLARED_SELECTOR = YES;
				GCC_WARN_UNINITIALIZED_AUTOS = YES_AGGRESSIVE;
				GCC_WARN_UNUSED_FUNCTION = YES;
				GCC_WARN_UNUSED_VARIABLE = YES;
				IPHONEOS_DEPLOYMENT_TARGET = 10.3;
				MTL_ENABLE_DEBUG_INFO = NO;
				SDKROOT = iphoneos;
				SWIFT_OPTIMIZATION_LEVEL = "-Owholemodule";
				TARGETED_DEVICE_FAMILY = "1,2";
				VALIDATE_PRODUCT = YES;
			};
			name = Release;
		};
		02D596241EAF287F0017F179 /* Debug */ = {
			isa = XCBuildConfiguration;
			buildSettings = {
				ASSETCATALOG_COMPILER_APPICON_NAME = AppIcon;
				INFOPLIST_FILE = miraclePill/Info.plist;
				LD_RUNPATH_SEARCH_PATHS = "$(inherited) @executable_path/Frameworks";
				PRODUCT_BUNDLE_IDENTIFIER = Vaiciulis.miraclePill;
				PRODUCT_NAME = "$(TARGET_NAME)";
				SWIFT_VERSION = 3.0;
			};
			name = Debug;
		};
		02D596251EAF287F0017F179 /* Release */ = {
			isa = XCBuildConfiguration;
			buildSettings = {
				ASSETCATALOG_COMPILER_APPICON_NAME = AppIcon;
				INFOPLIST_FILE = miraclePill/Info.plist;
				LD_RUNPATH_SEARCH_PATHS = "$(inherited) @executable_path/Frameworks";
				PRODUCT_BUNDLE_IDENTIFIER = Vaiciulis.miraclePill;
				PRODUCT_NAME = "$(TARGET_NAME)";
				SWIFT_VERSION = 3.0;
			};
			name = Release;
		};
/* End XCBuildConfiguration section */

/* Begin XCConfigurationList section */
		02D5960C1EAF287E0017F179 /* Build configuration list for PBXProject "miraclePill" */ = {
			isa = XCConfigurationList;
			buildConfigurations = (
				02D596211EAF287F0017F179 /* Debug */,
				02D596221EAF287F0017F179 /* Release */,
			);
			defaultConfigurationIsVisible = 0;
			defaultConfigurationName = Release;
		};
		02D596231EAF287F0017F179 /* Build configuration list for PBXNativeTarget "miraclePill" */ = {
			isa = XCConfigurationList;
			buildConfigurations = (
				02D596241EAF287F0017F179 /* Debug */,
				02D596251EAF287F0017F179 /* Release */,
			);
			defaultConfigurationIsVisible = 0;
		};
/* End XCConfigurationList section */
	};
	rootObject = 02D596091EAF287E0017F179 /* Project object */;
}
